// !$*UTF8*$!
{
	archiveVersion = 1;
	classes = {
	};
	objectVersion = 77;
	objects = {

/* Begin PBXBuildFile section */
		0A9B0DA22A4BF770A74C42B4 /* LockScreenView.swift in Sources */ = {isa = PBXBuildFile; fileRef = 20EB037E98B817601677ED26 /* LockScreenView.swift */; };
		0DE94E07FC272F3E66DDF876 /* KeychainManager.swift in Sources */ = {isa = PBXBuildFile; fileRef = DACEB93357067D2CA17021E7 /* KeychainManager.swift */; };
		198DE8DD44A93011E569BCB6 /* SyncMergeTests.swift in Sources */ = {isa = PBXBuildFile; fileRef = 11DE89E980D44425757FB39C /* SyncMergeTests.swift */; };
		1C5A43CEDCC2D3A44D2C7628 /* CryptoManager.swift in Sources */ = {isa = PBXBuildFile; fileRef = C315C733366CF89A7169E701 /* CryptoManager.swift */; };
		1F3651DDFEBC3E65FB001C41 /* DateCalculatorTests.swift in Sources */ = {isa = PBXBuildFile; fileRef = 3335A637AC44C646EB35A049 /* DateCalculatorTests.swift */; };
		44C4F24F98B9F777C57C1E98 /* InfoPlist.strings in Resources */ = {isa = PBXBuildFile; fileRef = BC277E80E48AD226766D990D /* InfoPlist.strings */; };
		5089130E2CEE1C16639FC38D /* StatisticsView.swift in Sources */ = {isa = PBXBuildFile; fileRef = BD62DCC01D3F9364CDEF6227 /* StatisticsView.swift */; };
		671EBE78C9C86C012ED3A2F6 /* WebDAVBridgeService.swift in Sources */ = {isa = PBXBuildFile; fileRef = 200646141CEE66C6830FEA09 /* WebDAVBridgeService.swift */; };
		719D5E60E3CB62B356D99A1D /* WebDAVClient.swift in Sources */ = {isa = PBXBuildFile; fileRef = C077E02FD8418BB708DC23A1 /* WebDAVClient.swift */; };
		75FCAAA793B45D0849BF4962 /* CryptoTests.swift in Sources */ = {isa = PBXBuildFile; fileRef = B52D59276C9EA2F553833BFF /* CryptoTests.swift */; };
		761306178F25FE49E1706893 /* CardBrandIcon.swift in Sources */ = {isa = PBXBuildFile; fileRef = 9BBF5A7913BCD1BA08374BBB /* CardBrandIcon.swift */; };
		7CEBE3188339F7BA759EBB5A /* SidebarView.swift in Sources */ = {isa = PBXBuildFile; fileRef = BAB79BAD9E50A9E719ED4B74 /* SidebarView.swift */; };
		7EA895CF0B68DDFDE3993B88 /* Assets.xcassets in Resources */ = {isa = PBXBuildFile; fileRef = EE1DBEB8985D4730F1A74373 /* Assets.xcassets */; };
		8E2F4E313E72AB835167F3C8 /* CloudKitSyncService.swift in Sources */ = {isa = PBXBuildFile; fileRef = 36EA37FCF17EA8F9A43FD7D4 /* CloudKitSyncService.swift */; };
		8ED96BF4A23D6AE89E140F67 /* CardModels.swift in Sources */ = {isa = PBXBuildFile; fileRef = F2438DA162090A1129CF9648 /* CardModels.swift */; };
		993C0ADB9F297F319223F488 /* CreditCardApp.swift in Sources */ = {isa = PBXBuildFile; fileRef = D20F3767139B02295E47C77A /* CreditCardApp.swift */; };
		9A901A8A5576595768F5A2F5 /* CardGridView.swift in Sources */ = {isa = PBXBuildFile; fileRef = 8CE1C3496FC3E3897DCA53DF /* CardGridView.swift */; };
		9E843F31258561127ECB39F7 /* AppIcon.png in Resources */ = {isa = PBXBuildFile; fileRef = 2E1BEA69AFB1F1626694B014 /* AppIcon.png */; };
		AC34415F142959F1BA9C9EA3 /* SyncModels.swift in Sources */ = {isa = PBXBuildFile; fileRef = 852CD8E0C8F1F82A9AC867D7 /* SyncModels.swift */; };
		B6099858631471B3850F36C9 /* CardEditView.swift in Sources */ = {isa = PBXBuildFile; fileRef = 17B42F329DCF8EE986256FE0 /* CardEditView.swift */; };
		BCBFBE825C1C49CD46465EF0 /* SettingsView.swift in Sources */ = {isa = PBXBuildFile; fileRef = 1428934F7025C070B87C31B9 /* SettingsView.swift */; };
		BDE3E956350698CA02697D1F /* SyncCoordinator.swift in Sources */ = {isa = PBXBuildFile; fileRef = FE381F8A352381E90579DBBB /* SyncCoordinator.swift */; };
		BEA5985EC2FB94D423B4756F /* PrivacyInfo.xcprivacy in Resources */ = {isa = PBXBuildFile; fileRef = B019CB02E47828B74FEC1211 /* PrivacyInfo.xcprivacy */; };
		C1637AF668B8BF8A55FE61A3 /* InfoPlist.strings in Resources */ = {isa = PBXBuildFile; fileRef = F86F87A8C573F530FC7FDF63 /* InfoPlist.strings */; };
		CCE833AC18D1300BF9AD3FF8 /* LocalStorageManager.swift in Sources */ = {isa = PBXBuildFile; fileRef = AB9349A3CBC3935C505D2A8C /* LocalStorageManager.swift */; };
		CE4BE30528C126E44A849725 /* DateCalculator.swift in Sources */ = {isa = PBXBuildFile; fileRef = 3C0278348791C024271E1A98 /* DateCalculator.swift */; };
		D547E426164B45DADC5BDF9D /* DataMigrationManager.swift in Sources */ = {isa = PBXBuildFile; fileRef = 78703BAB79809F69FC1B7206 /* DataMigrationManager.swift */; };
		D8304C48C5D4C7233574EDE1 /* SyncDetailView.swift in Sources */ = {isa = PBXBuildFile; fileRef = 4E24989B9AFE12D61A76A0E2 /* SyncDetailView.swift */; };
		DC012DCCDDDC6B43D8969ADF /* AutoLockManager.swift in Sources */ = {isa = PBXBuildFile; fileRef = F8CC4D72F0F18F7121E795BC /* AutoLockManager.swift */; };
		DD84F0DEBBFE70A67AD407DB /* SyncLedgerStore.swift in Sources */ = {isa = PBXBuildFile; fileRef = DC0FDDFB92ADC90BD0EE7A0D /* SyncLedgerStore.swift */; };
		EBAF354C03FB20594CFB43ED /* ContentView.swift in Sources */ = {isa = PBXBuildFile; fileRef = EAF19E198886B14379EAD841 /* ContentView.swift */; };
		FAB986A72819BDF5D7C79621 /* BankNameNormalizer.swift in Sources */ = {isa = PBXBuildFile; fileRef = 6DCB69F819080E42F97B875A /* BankNameNormalizer.swift */; };
		FE3CF5414A77B782CC80D2E8 /* CryptoSwift in Frameworks */ = {isa = PBXBuildFile; productRef = 47F951393718AD64162C98B4 /* CryptoSwift */; };
/* End PBXBuildFile section */

/* Begin PBXContainerItemProxy section */
		2D9A176E156687E774605246 /* PBXContainerItemProxy */ = {
			isa = PBXContainerItemProxy;
			containerPortal = 95B986D3DE9101D7ABB0036F /* Project object */;
			proxyType = 1;
			remoteGlobalIDString = 9B980CF56E13D4696D1A7494;
			remoteInfo = CreditCardMac;
		};
/* End PBXContainerItemProxy section */

/* Begin PBXFileReference section */
		11DE89E980D44425757FB39C /* SyncMergeTests.swift */ = {isa = PBXFileReference; lastKnownFileType = sourcecode.swift; path = SyncMergeTests.swift; sourceTree = "<group>"; };
		1428934F7025C070B87C31B9 /* SettingsView.swift */ = {isa = PBXFileReference; lastKnownFileType = sourcecode.swift; path = SettingsView.swift; sourceTree = "<group>"; };
		17B42F329DCF8EE986256FE0 /* CardEditView.swift */ = {isa = PBXFileReference; lastKnownFileType = sourcecode.swift; path = CardEditView.swift; sourceTree = "<group>"; };
		200646141CEE66C6830FEA09 /* WebDAVBridgeService.swift */ = {isa = PBXFileReference; lastKnownFileType = sourcecode.swift; path = WebDAVBridgeService.swift; sourceTree = "<group>"; };
		20EB037E98B817601677ED26 /* LockScreenView.swift */ = {isa = PBXFileReference; lastKnownFileType = sourcecode.swift; path = LockScreenView.swift; sourceTree = "<group>"; };
		2E1BEA69AFB1F1626694B014 /* AppIcon.png */ = {isa = PBXFileReference; lastKnownFileType = image.png; path = AppIcon.png; sourceTree = "<group>"; };
		32F787EC39436C1745C35653 /* .gitkeep */ = {isa = PBXFileReference; path = .gitkeep; sourceTree = "<group>"; };
		3335A637AC44C646EB35A049 /* DateCalculatorTests.swift */ = {isa = PBXFileReference; lastKnownFileType = sourcecode.swift; path = DateCalculatorTests.swift; sourceTree = "<group>"; };
		36EA37FCF17EA8F9A43FD7D4 /* CloudKitSyncService.swift */ = {isa = PBXFileReference; lastKnownFileType = sourcecode.swift; path = CloudKitSyncService.swift; sourceTree = "<group>"; };
		3C0278348791C024271E1A98 /* DateCalculator.swift */ = {isa = PBXFileReference; lastKnownFileType = sourcecode.swift; path = DateCalculator.swift; sourceTree = "<group>"; };
		41C92BECFAFA8B4024698F6B /* CreditCardMac.entitlements */ = {isa = PBXFileReference; lastKnownFileType = text.plist.entitlements; path = CreditCardMac.entitlements; sourceTree = "<group>"; };
		4E24989B9AFE12D61A76A0E2 /* SyncDetailView.swift */ = {isa = PBXFileReference; lastKnownFileType = sourcecode.swift; path = SyncDetailView.swift; sourceTree = "<group>"; };
		580EA1E3A67161B26D4D2D97 /* CreditCardMac.app */ = {isa = PBXFileReference; explicitFileType = wrapper.application; includeInIndex = 0; path = CreditCardMac.app; sourceTree = BUILT_PRODUCTS_DIR; };
		6DCB69F819080E42F97B875A /* BankNameNormalizer.swift */ = {isa = PBXFileReference; lastKnownFileType = sourcecode.swift; path = BankNameNormalizer.swift; sourceTree = "<group>"; };
		77D4AF75378164F64D7AC168 /* Info.plist */ = {isa = PBXFileReference; lastKnownFileType = text.plist; path = Info.plist; sourceTree = "<group>"; };
		78703BAB79809F69FC1B7206 /* DataMigrationManager.swift */ = {isa = PBXFileReference; lastKnownFileType = sourcecode.swift; path = DataMigrationManager.swift; sourceTree = "<group>"; };
		852CD8E0C8F1F82A9AC867D7 /* SyncModels.swift */ = {isa = PBXFileReference; lastKnownFileType = sourcecode.swift; path = SyncModels.swift; sourceTree = "<group>"; };
		8CE1C3496FC3E3897DCA53DF /* CardGridView.swift */ = {isa = PBXFileReference; lastKnownFileType = sourcecode.swift; path = CardGridView.swift; sourceTree = "<group>"; };
		93050015F0352331F4826876 /* CreditCardMacTests.xctest */ = {isa = PBXFileReference; explicitFileType = wrapper.cfbundle; includeInIndex = 0; path = CreditCardMacTests.xctest; sourceTree = BUILT_PRODUCTS_DIR; };
		9BBF5A7913BCD1BA08374BBB /* CardBrandIcon.swift */ = {isa = PBXFileReference; lastKnownFileType = sourcecode.swift; path = CardBrandIcon.swift; sourceTree = "<group>"; };
		AB9349A3CBC3935C505D2A8C /* LocalStorageManager.swift */ = {isa = PBXFileReference; lastKnownFileType = sourcecode.swift; path = LocalStorageManager.swift; sourceTree = "<group>"; };
		B019CB02E47828B74FEC1211 /* PrivacyInfo.xcprivacy */ = {isa = PBXFileReference; path = PrivacyInfo.xcprivacy; sourceTree = "<group>"; };
		B52D59276C9EA2F553833BFF /* CryptoTests.swift */ = {isa = PBXFileReference; lastKnownFileType = sourcecode.swift; path = CryptoTests.swift; sourceTree = "<group>"; };
		BAB79BAD9E50A9E719ED4B74 /* SidebarView.swift */ = {isa = PBXFileReference; lastKnownFileType = sourcecode.swift; path = SidebarView.swift; sourceTree = "<group>"; };
		BC277E80E48AD226766D990D /* InfoPlist.strings */ = {isa = PBXFileReference; lastKnownFileType = text.plist.strings; name = InfoPlist.strings; path = "zh-Hans.lproj/InfoPlist.strings"; sourceTree = "<group>"; };
		BD62DCC01D3F9364CDEF6227 /* StatisticsView.swift */ = {isa = PBXFileReference; lastKnownFileType = sourcecode.swift; path = StatisticsView.swift; sourceTree = "<group>"; };
		C077E02FD8418BB708DC23A1 /* WebDAVClient.swift */ = {isa = PBXFileReference; lastKnownFileType = sourcecode.swift; path = WebDAVClient.swift; sourceTree = "<group>"; };
		C315C733366CF89A7169E701 /* CryptoManager.swift */ = {isa = PBXFileReference; lastKnownFileType = sourcecode.swift; path = CryptoManager.swift; sourceTree = "<group>"; };
		D20F3767139B02295E47C77A /* CreditCardApp.swift */ = {isa = PBXFileReference; lastKnownFileType = sourcecode.swift; path = CreditCardApp.swift; sourceTree = "<group>"; };
		DACEB93357067D2CA17021E7 /* KeychainManager.swift */ = {isa = PBXFileReference; lastKnownFileType = sourcecode.swift; path = KeychainManager.swift; sourceTree = "<group>"; };
		DC0FDDFB92ADC90BD0EE7A0D /* SyncLedgerStore.swift */ = {isa = PBXFileReference; lastKnownFileType = sourcecode.swift; path = SyncLedgerStore.swift; sourceTree = "<group>"; };
		EAF19E198886B14379EAD841 /* ContentView.swift */ = {isa = PBXFileReference; lastKnownFileType = sourcecode.swift; path = ContentView.swift; sourceTree = "<group>"; };
		EE1DBEB8985D4730F1A74373 /* Assets.xcassets */ = {isa = PBXFileReference; lastKnownFileType = folder.assetcatalog; path = Assets.xcassets; sourceTree = "<group>"; };
		F2438DA162090A1129CF9648 /* CardModels.swift */ = {isa = PBXFileReference; lastKnownFileType = sourcecode.swift; path = CardModels.swift; sourceTree = "<group>"; };
		F86F87A8C573F530FC7FDF63 /* InfoPlist.strings */ = {isa = PBXFileReference; lastKnownFileType = text.plist.strings; name = InfoPlist.strings; path = "zh-Hant.lproj/InfoPlist.strings"; sourceTree = "<group>"; };
		F8CC4D72F0F18F7121E795BC /* AutoLockManager.swift */ = {isa = PBXFileReference; lastKnownFileType = sourcecode.swift; path = AutoLockManager.swift; sourceTree = "<group>"; };
		FE381F8A352381E90579DBBB /* SyncCoordinator.swift */ = {isa = PBXFileReference; lastKnownFileType = sourcecode.swift; path = SyncCoordinator.swift; sourceTree = "<group>"; };
/* End PBXFileReference section */

/* Begin PBXFrameworksBuildPhase section */
		CC0BE61C98F9221F84E074A5 /* Frameworks */ = {
			isa = PBXFrameworksBuildPhase;
			buildActionMask = 2147483647;
			files = (
				FE3CF5414A77B782CC80D2E8 /* CryptoSwift in Frameworks */,
			);
			runOnlyForDeploymentPostprocessing = 0;
		};
/* End PBXFrameworksBuildPhase section */

/* Begin PBXGroup section */
		0D92532D7D91B8D6E5F9C64B /* Tests */ = {
			isa = PBXGroup;
			children = (
				B52D59276C9EA2F553833BFF /* CryptoTests.swift */,
				3335A637AC44C646EB35A049 /* DateCalculatorTests.swift */,
				11DE89E980D44425757FB39C /* SyncMergeTests.swift */,
			);
			path = Tests;
			sourceTree = "<group>";
		};
		27600A86E1FC25C1175D87D2 /* Domain */ = {
			isa = PBXGroup;
			children = (
				F8CC4D72F0F18F7121E795BC /* AutoLockManager.swift */,
				6DCB69F819080E42F97B875A /* BankNameNormalizer.swift */,
				F2438DA162090A1129CF9648 /* CardModels.swift */,
				36EA37FCF17EA8F9A43FD7D4 /* CloudKitSyncService.swift */,
				C315C733366CF89A7169E701 /* CryptoManager.swift */,
				78703BAB79809F69FC1B7206 /* DataMigrationManager.swift */,
				3C0278348791C024271E1A98 /* DateCalculator.swift */,
				DACEB93357067D2CA17021E7 /* KeychainManager.swift */,
				AB9349A3CBC3935C505D2A8C /* LocalStorageManager.swift */,
				FE381F8A352381E90579DBBB /* SyncCoordinator.swift */,
				DC0FDDFB92ADC90BD0EE7A0D /* SyncLedgerStore.swift */,
				852CD8E0C8F1F82A9AC867D7 /* SyncModels.swift */,
				200646141CEE66C6830FEA09 /* WebDAVBridgeService.swift */,
				C077E02FD8418BB708DC23A1 /* WebDAVClient.swift */,
			);
			path = Domain;
			sourceTree = "<group>";
		};
		7DB92285268F792278B8F24C /* Features */ = {
			isa = PBXGroup;
			children = (
				9BBF5A7913BCD1BA08374BBB /* CardBrandIcon.swift */,
				17B42F329DCF8EE986256FE0 /* CardEditView.swift */,
				8CE1C3496FC3E3897DCA53DF /* CardGridView.swift */,
				20EB037E98B817601677ED26 /* LockScreenView.swift */,
				1428934F7025C070B87C31B9 /* SettingsView.swift */,
				BAB79BAD9E50A9E719ED4B74 /* SidebarView.swift */,
				BD62DCC01D3F9364CDEF6227 /* StatisticsView.swift */,
				4E24989B9AFE12D61A76A0E2 /* SyncDetailView.swift */,
			);
			path = Features;
			sourceTree = "<group>";
		};
		8114CD06DD6834E742227522 /* Resources */ = {
			isa = PBXGroup;
			children = (
				32F787EC39436C1745C35653 /* .gitkeep */,
				2E1BEA69AFB1F1626694B014 /* AppIcon.png */,
				EE1DBEB8985D4730F1A74373 /* Assets.xcassets */,
				41C92BECFAFA8B4024698F6B /* CreditCardMac.entitlements */,
				77D4AF75378164F64D7AC168 /* Info.plist */,
				BC277E80E48AD226766D990D /* InfoPlist.strings */,
				F86F87A8C573F530FC7FDF63 /* InfoPlist.strings */,
				B019CB02E47828B74FEC1211 /* PrivacyInfo.xcprivacy */,
			);
			path = Resources;
			sourceTree = "<group>";
		};
		B49F74D40DBF6DE4BDC3CA9B /* App */ = {
			isa = PBXGroup;
			children = (
				EAF19E198886B14379EAD841 /* ContentView.swift */,
				D20F3767139B02295E47C77A /* CreditCardApp.swift */,
			);
			path = App;
			sourceTree = "<group>";
		};
		ECE2D9E2F360AC2A5E9D357B = {
			isa = PBXGroup;
			children = (
				B49F74D40DBF6DE4BDC3CA9B /* App */,
				27600A86E1FC25C1175D87D2 /* Domain */,
				7DB92285268F792278B8F24C /* Features */,
				8114CD06DD6834E742227522 /* Resources */,
				0D92532D7D91B8D6E5F9C64B /* Tests */,
				F53BEE61FF79BC10C6D95562 /* Products */,
			);
			sourceTree = "<group>";
		};
		F53BEE61FF79BC10C6D95562 /* Products */ = {
			isa = PBXGroup;
			children = (
				580EA1E3A67161B26D4D2D97 /* CreditCardMac.app */,
				93050015F0352331F4826876 /* CreditCardMacTests.xctest */,
			);
			name = Products;
			sourceTree = "<group>";
		};
/* End PBXGroup section */

/* Begin PBXNativeTarget section */
		3357D53D1DC2A0801F4E9246 /* CreditCardMacTests */ = {
			isa = PBXNativeTarget;
			buildConfigurationList = 72FAA277B85111283AD8F8DA /* Build configuration list for PBXNativeTarget "CreditCardMacTests" */;
			buildPhases = (
				595CB31B264885E03EA3E62A /* Sources */,
			);
			buildRules = (
			);
			dependencies = (
				6176EFCDDCCAC358687AE1D5 /* PBXTargetDependency */,
			);
			name = CreditCardMacTests;
			packageProductDependencies = (
			);
			productName = CreditCardMacTests;
			productReference = 93050015F0352331F4826876 /* CreditCardMacTests.xctest */;
			productType = "com.apple.product-type.bundle.unit-test";
		};
		9B980CF56E13D4696D1A7494 /* CreditCardMac */ = {
			isa = PBXNativeTarget;
			buildConfigurationList = 172642DDF6D459BBD19D1542 /* Build configuration list for PBXNativeTarget "CreditCardMac" */;
			buildPhases = (
				D59DBD37A28FD42FC9CCA624 /* Sources */,
				1FDE2ACA58AA939C2E6DEF19 /* Resources */,
				CC0BE61C98F9221F84E074A5 /* Frameworks */,
			);
			buildRules = (
			);
			dependencies = (
			);
			name = CreditCardMac;
			packageProductDependencies = (
				47F951393718AD64162C98B4 /* CryptoSwift */,
			);
			productName = CreditCardMac;
			productReference = 580EA1E3A67161B26D4D2D97 /* CreditCardMac.app */;
			productType = "com.apple.product-type.application";
		};
/* End PBXNativeTarget section */

/* Begin PBXProject section */
		95B986D3DE9101D7ABB0036F /* Project object */ = {
			isa = PBXProject;
			attributes = {
				BuildIndependentTargetsInParallel = YES;
				LastUpgradeCheck = 1430;
				TargetAttributes = {
				};
			};
			buildConfigurationList = FB1E82C25D4ED34DD7890D7D /* Build configuration list for PBXProject "CreditCardMac" */;
			developmentRegion = en;
			hasScannedForEncodings = 0;
			knownRegions = (
				Base,
				en,
				"zh-Hans",
				"zh-Hant",
			);
			mainGroup = ECE2D9E2F360AC2A5E9D357B;
			minimizedProjectReferenceProxies = 1;
			packageReferences = (
				4A930F27BB62FFEF7C29B1E8 /* XCRemoteSwiftPackageReference "CryptoSwift" */,
			);
			preferredProjectObjectVersion = 77;
			productRefGroup = F53BEE61FF79BC10C6D95562 /* Products */;
			projectDirPath = "";
			projectRoot = "";
			targets = (
				9B980CF56E13D4696D1A7494 /* CreditCardMac */,
				3357D53D1DC2A0801F4E9246 /* CreditCardMacTests */,
			);
		};
/* End PBXProject section */

/* Begin PBXResourcesBuildPhase section */
		1FDE2ACA58AA939C2E6DEF19 /* Resources */ = {
			isa = PBXResourcesBuildPhase;
			buildActionMask = 2147483647;
			files = (
				9E843F31258561127ECB39F7 /* AppIcon.png in Resources */,
				7EA895CF0B68DDFDE3993B88 /* Assets.xcassets in Resources */,
				44C4F24F98B9F777C57C1E98 /* InfoPlist.strings in Resources */,
				C1637AF668B8BF8A55FE61A3 /* InfoPlist.strings in Resources */,
				BEA5985EC2FB94D423B4756F /* PrivacyInfo.xcprivacy in Resources */,
			);
			runOnlyForDeploymentPostprocessing = 0;
		};
/* End PBXResourcesBuildPhase section */

/* Begin PBXSourcesBuildPhase section */
		595CB31B264885E03EA3E62A /* Sources */ = {
			isa = PBXSourcesBuildPhase;
			buildActionMask = 2147483647;
			files = (
				75FCAAA793B45D0849BF4962 /* CryptoTests.swift in Sources */,
				1F3651DDFEBC3E65FB001C41 /* DateCalculatorTests.swift in Sources */,
				198DE8DD44A93011E569BCB6 /* SyncMergeTests.swift in Sources */,
			);
			runOnlyForDeploymentPostprocessing = 0;
		};
		D59DBD37A28FD42FC9CCA624 /* Sources */ = {
			isa = PBXSourcesBuildPhase;
			buildActionMask = 2147483647;
			files = (
				DC012DCCDDDC6B43D8969ADF /* AutoLockManager.swift in Sources */,
				FAB986A72819BDF5D7C79621 /* BankNameNormalizer.swift in Sources */,
				761306178F25FE49E1706893 /* CardBrandIcon.swift in Sources */,
				B6099858631471B3850F36C9 /* CardEditView.swift in Sources */,
				9A901A8A5576595768F5A2F5 /* CardGridView.swift in Sources */,
				8ED96BF4A23D6AE89E140F67 /* CardModels.swift in Sources */,
				8E2F4E313E72AB835167F3C8 /* CloudKitSyncService.swift in Sources */,
				EBAF354C03FB20594CFB43ED /* ContentView.swift in Sources */,
				993C0ADB9F297F319223F488 /* CreditCardApp.swift in Sources */,
				1C5A43CEDCC2D3A44D2C7628 /* CryptoManager.swift in Sources */,
				D547E426164B45DADC5BDF9D /* DataMigrationManager.swift in Sources */,
				CE4BE30528C126E44A849725 /* DateCalculator.swift in Sources */,
				0DE94E07FC272F3E66DDF876 /* KeychainManager.swift in Sources */,
				CCE833AC18D1300BF9AD3FF8 /* LocalStorageManager.swift in Sources */,
				0A9B0DA22A4BF770A74C42B4 /* LockScreenView.swift in Sources */,
				BCBFBE825C1C49CD46465EF0 /* SettingsView.swift in Sources */,
				7CEBE3188339F7BA759EBB5A /* SidebarView.swift in Sources */,
				5089130E2CEE1C16639FC38D /* StatisticsView.swift in Sources */,
				BDE3E956350698CA02697D1F /* SyncCoordinator.swift in Sources */,
				D8304C48C5D4C7233574EDE1 /* SyncDetailView.swift in Sources */,
				DD84F0DEBBFE70A67AD407DB /* SyncLedgerStore.swift in Sources */,
				AC34415F142959F1BA9C9EA3 /* SyncModels.swift in Sources */,
				671EBE78C9C86C012ED3A2F6 /* WebDAVBridgeService.swift in Sources */,
				719D5E60E3CB62B356D99A1D /* WebDAVClient.swift in Sources */,
			);
			runOnlyForDeploymentPostprocessing = 0;
		};
/* End PBXSourcesBuildPhase section */

/* Begin PBXTargetDependency section */
		6176EFCDDCCAC358687AE1D5 /* PBXTargetDependency */ = {
			isa = PBXTargetDependency;
			target = 9B980CF56E13D4696D1A7494 /* CreditCardMac */;
			targetProxy = 2D9A176E156687E774605246 /* PBXContainerItemProxy */;
		};
/* End PBXTargetDependency section */

/* Begin XCBuildConfiguration section */
		8648C4FCE47A3018218DF95C /* Release */ = {
			isa = XCBuildConfiguration;
			buildSettings = {
				ASSETCATALOG_COMPILER_APPICON_NAME = AppIcon;
				CODE_SIGN_ENTITLEMENTS = Resources/CreditCardMac.entitlements;
				COMBINE_HIDPI_IMAGES = YES;
				CURRENT_PROJECT_VERSION = 1;
				ENABLE_APP_SANDBOX = YES;
				ENABLE_HARDENED_RUNTIME = YES;
				ENABLE_OUTGOING_NETWORK_CONNECTIONS = YES;
				GENERATE_INFOPLIST_FILE = NO;
				INFOPLIST_FILE = Resources/Info.plist;
				LD_RUNPATH_SEARCH_PATHS = (
					"$(inherited)",
					"@executable_path/../Frameworks",
				);
				MACOSX_DEPLOYMENT_TARGET = 14.0;
				MARKETING_VERSION = 1.0.0;
				PRODUCT_BUNDLE_IDENTIFIER = com.applist.cardwallet.mac;
				SDKROOT = macosx;
			};
			name = Release;
		};
		98312A55AD5A00EFC2048C39 /* Debug */ = {
			isa = XCBuildConfiguration;
			buildSettings = {
				ALWAYS_SEARCH_USER_PATHS = NO;
				CLANG_ANALYZER_NONNULL = YES;
				CLANG_ANALYZER_NUMBER_OBJECT_CONVERSION = YES_AGGRESSIVE;
				CLANG_CXX_LANGUAGE_STANDARD = "gnu++14";
				CLANG_CXX_LIBRARY = "libc++";
				CLANG_ENABLE_MODULES = YES;
				CLANG_ENABLE_OBJC_ARC = YES;
				CLANG_ENABLE_OBJC_WEAK = YES;
				CLANG_WARN_BLOCK_CAPTURE_AUTORELEASING = YES;
				CLANG_WARN_BOOL_CONVERSION = YES;
				CLANG_WARN_COMMA = YES;
				CLANG_WARN_CONSTANT_CONVERSION = YES;
				CLANG_WARN_DEPRECATED_OBJC_IMPLEMENTATIONS = YES;
				CLANG_WARN_DIRECT_OBJC_ISA_USAGE = YES_ERROR;
				CLANG_WARN_DOCUMENTATION_COMMENTS = YES;
				CLANG_WARN_EMPTY_BODY = YES;
				CLANG_WARN_ENUM_CONVERSION = YES;
				CLANG_WARN_INFINITE_RECURSION = YES;
				CLANG_WARN_INT_CONVERSION = YES;
				CLANG_WARN_NON_LITERAL_NULL_CONVERSION = YES;
				CLANG_WARN_OBJC_IMPLICIT_RETAIN_SELF = YES;
				CLANG_WARN_OBJC_LITERAL_CONVERSION = YES;
				CLANG_WARN_OBJC_ROOT_CLASS = YES_ERROR;
				CLANG_WARN_QUOTED_INCLUDE_IN_FRAMEWORK_HEADER = YES;
				CLANG_WARN_RANGE_LOOP_ANALYSIS = YES;
				CLANG_WARN_STRICT_PROTOTYPES = YES;
				CLANG_WARN_SUSPICIOUS_MOVE = YES;
				CLANG_WARN_UNGUARDED_AVAILABILITY = YES_AGGRESSIVE;
				CLANG_WARN_UNREACHABLE_CODE = YES;
				CLANG_WARN__DUPLICATE_METHOD_MATCH = YES;
				COPY_PHASE_STRIP = NO;
				DEBUG_INFORMATION_FORMAT = dwarf;
				ENABLE_STRICT_OBJC_MSGSEND = YES;
				ENABLE_TESTABILITY = YES;
				GCC_C_LANGUAGE_STANDARD = gnu11;
				GCC_DYNAMIC_NO_PIC = NO;
				GCC_NO_COMMON_BLOCKS = YES;
				GCC_OPTIMIZATION_LEVEL = 0;
				GCC_PREPROCESSOR_DEFINITIONS = (
					"$(inherited)",
					"DEBUG=1",
				);
				GCC_WARN_64_TO_32_BIT_CONVERSION = YES;
				GCC_WARN_ABOUT_RETURN_TYPE = YES_ERROR;
				GCC_WARN_UNDECLARED_SELECTOR = YES;
				GCC_WARN_UNINITIALIZED_AUTOS = YES_AGGRESSIVE;
				GCC_WARN_UNUSED_FUNCTION = YES;
				GCC_WARN_UNUSED_VARIABLE = YES;
				MTL_ENABLE_DEBUG_INFO = INCLUDE_SOURCE;
				MTL_FAST_MATH = YES;
				ONLY_ACTIVE_ARCH = YES;
				PRODUCT_NAME = "$(TARGET_NAME)";
				SDKROOT = macosx;
				SWIFT_ACTIVE_COMPILATION_CONDITIONS = DEBUG;
				SWIFT_OPTIMIZATION_LEVEL = "-Onone";
				SWIFT_VERSION = 5.0;
			};
			name = Debug;
		};
		98B5515F9CD39F548B45F7C8 /* Release */ = {
			isa = XCBuildConfiguration;
			buildSettings = {
				ALWAYS_SEARCH_USER_PATHS = NO;
				CLANG_ANALYZER_NONNULL = YES;
				CLANG_ANALYZER_NUMBER_OBJECT_CONVERSION = YES_AGGRESSIVE;
				CLANG_CXX_LANGUAGE_STANDARD = "gnu++14";
				CLANG_CXX_LIBRARY = "libc++";
				CLANG_ENABLE_MODULES = YES;
				CLANG_ENABLE_OBJC_ARC = YES;
				CLANG_ENABLE_OBJC_WEAK = YES;
				CLANG_WARN_BLOCK_CAPTURE_AUTORELEASING = YES;
				CLANG_WARN_BOOL_CONVERSION = YES;
				CLANG_WARN_COMMA = YES;
				CLANG_WARN_CONSTANT_CONVERSION = YES;
				CLANG_WARN_DEPRECATED_OBJC_IMPLEMENTATIONS = YES;
				CLANG_WARN_DIRECT_OBJC_ISA_USAGE = YES_ERROR;
				CLANG_WARN_DOCUMENTATION_COMMENTS = YES;
				CLANG_WARN_EMPTY_BODY = YES;
				CLANG_WARN_ENUM_CONVERSION = YES;
				CLANG_WARN_INFINITE_RECURSION = YES;
				CLANG_WARN_INT_CONVERSION = YES;
				CLANG_WARN_NON_LITERAL_NULL_CONVERSION = YES;
				CLANG_WARN_OBJC_IMPLICIT_RETAIN_SELF = YES;
				CLANG_WARN_OBJC_LITERAL_CONVERSION = YES;
				CLANG_WARN_OBJC_ROOT_CLASS = YES_ERROR;
				CLANG_WARN_QUOTED_INCLUDE_IN_FRAMEWORK_HEADER = YES;
				CLANG_WARN_RANGE_LOOP_ANALYSIS = YES;
				CLANG_WARN_STRICT_PROTOTYPES = YES;
				CLANG_WARN_SUSPICIOUS_MOVE = YES;
				CLANG_WARN_UNGUARDED_AVAILABILITY = YES_AGGRESSIVE;
				CLANG_WARN_UNREACHABLE_CODE = YES;
				CLANG_WARN__DUPLICATE_METHOD_MATCH = YES;
				COPY_PHASE_STRIP = NO;
				DEBUG_INFORMATION_FORMAT = "dwarf-with-dsym";
				ENABLE_NS_ASSERTIONS = NO;
				ENABLE_STRICT_OBJC_MSGSEND = YES;
				GCC_C_LANGUAGE_STANDARD = gnu11;
				GCC_NO_COMMON_BLOCKS = YES;
				GCC_WARN_64_TO_32_BIT_CONVERSION = YES;
				GCC_WARN_ABOUT_RETURN_TYPE = YES_ERROR;
				GCC_WARN_UNDECLARED_SELECTOR = YES;
				GCC_WARN_UNINITIALIZED_AUTOS = YES_AGGRESSIVE;
				GCC_WARN_UNUSED_FUNCTION = YES;
				GCC_WARN_UNUSED_VARIABLE = YES;
				MTL_ENABLE_DEBUG_INFO = NO;
				MTL_FAST_MATH = YES;
				PRODUCT_NAME = "$(TARGET_NAME)";
				SDKROOT = macosx;
				SWIFT_COMPILATION_MODE = wholemodule;
				SWIFT_OPTIMIZATION_LEVEL = "-O";
				SWIFT_VERSION = 5.0;
			};
			name = Release;
		};
		B9C096702996202C40985A71 /* Debug */ = {
			isa = XCBuildConfiguration;
			buildSettings = {
				BUNDLE_LOADER = "$(TEST_HOST)";
				COMBINE_HIDPI_IMAGES = YES;
				GENERATE_INFOPLIST_FILE = YES;
				LD_RUNPATH_SEARCH_PATHS = (
					"$(inherited)",
					"@executable_path/../Frameworks",
					"@loader_path/../Frameworks",
				);
				MACOSX_DEPLOYMENT_TARGET = 14.0;
				PRODUCT_BUNDLE_IDENTIFIER = com.applist.CreditCardMacTests;
				SDKROOT = macosx;
				TEST_HOST = "$(BUILT_PRODUCTS_DIR)/CreditCardMac.app/Contents/MacOS/CreditCardMac";
			};
			name = Debug;
		};
		BA4BBF36A26BCA543307D02B /* Debug */ = {
			isa = XCBuildConfiguration;
			buildSettings = {
				ASSETCATALOG_COMPILER_APPICON_NAME = AppIcon;
				CODE_SIGN_ENTITLEMENTS = Resources/CreditCardMac.entitlements;
				COMBINE_HIDPI_IMAGES = YES;
				CURRENT_PROJECT_VERSION = 1;
				ENABLE_APP_SANDBOX = YES;
				ENABLE_HARDENED_RUNTIME = YES;
				ENABLE_OUTGOING_NETWORK_CONNECTIONS = YES;
				GENERATE_INFOPLIST_FILE = NO;
				INFOPLIST_FILE = Resources/Info.plist;
				LD_RUNPATH_SEARCH_PATHS = (
					"$(inherited)",
					"@executable_path/../Frameworks",
				);
				MACOSX_DEPLOYMENT_TARGET = 14.0;
				MARKETING_VERSION = 1.0.0;
				PRODUCT_BUNDLE_IDENTIFIER = com.applist.cardwallet.mac;
				SDKROOT = macosx;
			};
			name = Debug;
		};
		F9DC3558A1989774BED500C7 /* Release */ = {
			isa = XCBuildConfiguration;
			buildSettings = {
				BUNDLE_LOADER = "$(TEST_HOST)";
				COMBINE_HIDPI_IMAGES = YES;
				GENERATE_INFOPLIST_FILE = YES;
				LD_RUNPATH_SEARCH_PATHS = (
					"$(inherited)",
					"@executable_path/../Frameworks",
					"@loader_path/../Frameworks",
				);
				MACOSX_DEPLOYMENT_TARGET = 14.0;
				PRODUCT_BUNDLE_IDENTIFIER = com.applist.CreditCardMacTests;
				SDKROOT = macosx;
				TEST_HOST = "$(BUILT_PRODUCTS_DIR)/CreditCardMac.app/Contents/MacOS/CreditCardMac";
			};
			name = Release;
		};
/* End XCBuildConfiguration section */

/* Begin XCConfigurationList section */
		172642DDF6D459BBD19D1542 /* Build configuration list for PBXNativeTarget "CreditCardMac" */ = {
			isa = XCConfigurationList;
			buildConfigurations = (
				BA4BBF36A26BCA543307D02B /* Debug */,
				8648C4FCE47A3018218DF95C /* Release */,
			);
			defaultConfigurationIsVisible = 0;
			defaultConfigurationName = Debug;
		};
		72FAA277B85111283AD8F8DA /* Build configuration list for PBXNativeTarget "CreditCardMacTests" */ = {
			isa = XCConfigurationList;
			buildConfigurations = (
				B9C096702996202C40985A71 /* Debug */,
				F9DC3558A1989774BED500C7 /* Release */,
			);
			defaultConfigurationIsVisible = 0;
			defaultConfigurationName = Debug;
		};
		FB1E82C25D4ED34DD7890D7D /* Build configuration list for PBXProject "CreditCardMac" */ = {
			isa = XCConfigurationList;
			buildConfigurations = (
				98312A55AD5A00EFC2048C39 /* Debug */,
				98B5515F9CD39F548B45F7C8 /* Release */,
			);
			defaultConfigurationIsVisible = 0;
			defaultConfigurationName = Debug;
		};
/* End XCConfigurationList section */

/* Begin XCRemoteSwiftPackageReference section */
		4A930F27BB62FFEF7C29B1E8 /* XCRemoteSwiftPackageReference "CryptoSwift" */ = {
			isa = XCRemoteSwiftPackageReference;
			repositoryURL = "https://github.com/krzyzanowskim/CryptoSwift.git";
			requirement = {
				kind = upToNextMajorVersion;
				minimumVersion = 1.8.0;
			};
		};
/* End XCRemoteSwiftPackageReference section */

/* Begin XCSwiftPackageProductDependency section */
		47F951393718AD64162C98B4 /* CryptoSwift */ = {
			isa = XCSwiftPackageProductDependency;
			package = 4A930F27BB62FFEF7C29B1E8 /* XCRemoteSwiftPackageReference "CryptoSwift" */;
			productName = CryptoSwift;
		};
/* End XCSwiftPackageProductDependency section */
	};
	rootObject = 95B986D3DE9101D7ABB0036F /* Project object */;
}
